
Microsoft Visual Studio Solution File, Format Version 12.00
# Visual Studio Version 17
VisualStudioVersion = 17.1.32421.90
MinimumVisualStudioVersion = 10.0.40219.1
Project("{FAE04EC0-301F-11D3-BF4B-00C04F79EFBC}") = "Empleados2API", "EmpleadosAPI\Empleados2API.csproj", "{201539DA-5686-49EA-89F0-E06E1EA49DCF}"
EndProject
Global
	GlobalSection(SolutionConfigurationPlatforms) = preSolution
		Debug|Any CPU = Debug|Any CPU
		Release|Any CPU = Release|Any CPU
	EndGlobalSection
	GlobalSection(ProjectConfigurationPlatforms) = postSolution
		{201539DA-5686-49EA-89F0-E06E1EA49DCF}.Debug|Any CPU.ActiveCfg = Debug|Any CPU
		{201539DA-5686-49EA-89F0-E06E1EA49DCF}.Debug|Any CPU.Build.0 = Debug|Any CPU
		{201539DA-5686-49EA-89F0-E06E1EA49DCF}.Release|Any CPU.ActiveCfg = Release|Any CPU
		{201539DA-5686-49EA-89F0-E06E1EA49DCF}.Release|Any CPU.Build.0 = Release|Any CPU
	EndGlobalSection
	GlobalSection(SolutionProperties) = preSolution
		HideSolutionNode = FALSE
	EndGlobalSection
	GlobalSection(ExtensibilityGlobals) = postSolution
		SolutionGuid = {40F4B831-C4F1-4C35-BAF1-C7F5432A262F}
	EndGlobalSection
EndGlobal
